
Microsoft Visual Studio Solution File, Format Version 12.00
Project("{FAE04EC0-301F-11D3-BF4B-00C04F79EFBC}") = "PP.Presentation", "PP.Presentation\PP.Presentation.csproj", "{92EE6FAE-B8F5-40F8-B491-BF5CC134C8FD}"
EndProject
Project("{FAE04EC0-301F-11D3-BF4B-00C04F79EFBC}") = "PP.Application", "PP.Application\PP.Application.csproj", "{9478482D-8C0E-4120-9DB9-D45094D183A0}"
EndProject
Project("{FAE04EC0-301F-11D3-BF4B-00C04F79EFBC}") = "PP.Infrastucture", "PP.Infrastucture\PP.Infrastucture.csproj", "{D0F181B2-52E0-42AA-A4EB-6645D53BC4A2}"
EndProject
Project("{FAE04EC0-301F-11D3-BF4B-00C04F79EFBC}") = "PP.Domain", "PP.Domain\PP.Domain.csproj", "{F7970327-DC60-4CDF-B859-9BC72561F123}"
EndProject
Project("{FAE04EC0-301F-11D3-BF4B-00C04F79EFBC}") = "PP.Shared", "PP.Shared\PP.Shared.csproj", "{0243D2D4-61A7-48F7-AB95-597ECD2D3CD3}"
EndProject
Global
	GlobalSection(SolutionConfigurationPlatforms) = preSolution
		Debug|Any CPU = Debug|Any CPU
		Release|Any CPU = Release|Any CPU
	EndGlobalSection
	GlobalSection(ProjectConfigurationPlatforms) = postSolution
		{92EE6FAE-B8F5-40F8-B491-BF5CC134C8FD}.Debug|Any CPU.ActiveCfg = Debug|Any CPU
		{92EE6FAE-B8F5-40F8-B491-BF5CC134C8FD}.Debug|Any CPU.Build.0 = Debug|Any CPU
		{92EE6FAE-B8F5-40F8-B491-BF5CC134C8FD}.Release|Any CPU.ActiveCfg = Release|Any CPU
		{92EE6FAE-B8F5-40F8-B491-BF5CC134C8FD}.Release|Any CPU.Build.0 = Release|Any CPU
		{9478482D-8C0E-4120-9DB9-D45094D183A0}.Debug|Any CPU.ActiveCfg = Debug|Any CPU
		{9478482D-8C0E-4120-9DB9-D45094D183A0}.Debug|Any CPU.Build.0 = Debug|Any CPU
		{9478482D-8C0E-4120-9DB9-D45094D183A0}.Release|Any CPU.ActiveCfg = Release|Any CPU
		{9478482D-8C0E-4120-9DB9-D45094D183A0}.Release|Any CPU.Build.0 = Release|Any CPU
		{D0F181B2-52E0-42AA-A4EB-6645D53BC4A2}.Debug|Any CPU.ActiveCfg = Debug|Any CPU
		{D0F181B2-52E0-42AA-A4EB-6645D53BC4A2}.Debug|Any CPU.Build.0 = Debug|Any CPU
		{D0F181B2-52E0-42AA-A4EB-6645D53BC4A2}.Release|Any CPU.ActiveCfg = Release|Any CPU
		{D0F181B2-52E0-42AA-A4EB-6645D53BC4A2}.Release|Any CPU.Build.0 = Release|Any CPU
		{F7970327-DC60-4CDF-B859-9BC72561F123}.Debug|Any CPU.ActiveCfg = Debug|Any CPU
		{F7970327-DC60-4CDF-B859-9BC72561F123}.Debug|Any CPU.Build.0 = Debug|Any CPU
		{F7970327-DC60-4CDF-B859-9BC72561F123}.Release|Any CPU.ActiveCfg = Release|Any CPU
		{F7970327-DC60-4CDF-B859-9BC72561F123}.Release|Any CPU.Build.0 = Release|Any CPU
		{0243D2D4-61A7-48F7-AB95-597ECD2D3CD3}.Debug|Any CPU.ActiveCfg = Debug|Any CPU
		{0243D2D4-61A7-48F7-AB95-597ECD2D3CD3}.Debug|Any CPU.Build.0 = Debug|Any CPU
		{0243D2D4-61A7-48F7-AB95-597ECD2D3CD3}.Release|Any CPU.ActiveCfg = Release|Any CPU
		{0243D2D4-61A7-48F7-AB95-597ECD2D3CD3}.Release|Any CPU.Build.0 = Release|Any CPU
	EndGlobalSection
EndGlobal
